
Microsoft Visual Studio Solution File, Format Version 12.00
# Visual Studio Version 17
VisualStudioVersion = 17.0.31903.59
MinimumVisualStudioVersion = 10.0.40219.1
Project("{2150E333-8FDC-42A3-9474-1A3956D46DE8}") = "src", "src", "{B62B941A-0AE0-4880-B36E-1BADAA032C9A}"
EndProject
Project("{FAE04EC0-301F-11D3-BF4B-00C04F79EFBC}") = "DefiSeeker.Presentation", "Presentation\DefiSeeker.Presentation.csproj", "{E32C1612-6806-4CE9-B549-860BB99E035A}"
EndProject
Project("{FAE04EC0-301F-11D3-BF4B-00C04F79EFBC}") = "DefiSeeker.Domain", "Domain\DefiSeeker.Domain.csproj", "{CAB46392-6DFE-4113-9115-18EEBBC0E4D7}"
EndProject
Project("{FAE04EC0-301F-11D3-BF4B-00C04F79EFBC}") = "DefiSeeker.Infrastructure", "Infrastructure\DefiSeeker.Infrastructure.csproj", "{D1D75624-5A47-4736-A549-F51C767D1D30}"
EndProject
Project("{FAE04EC0-301F-11D3-BF4B-00C04F79EFBC}") = "DefiSeeker.Application", "Application\DefiSeeker.Application.csproj", "{1D717632-CF51-459D-A1CF-92F518C92330}"
EndProject
Project("{FAE04EC0-301F-11D3-BF4B-00C04F79EFBC}") = "DefiSeeker.Shared", "Shared\DefiSeeker.Shared.csproj", "{B3CBA697-170F-4163-BDD3-12689B44DA22}"
EndProject
Project("{FAE04EC0-301F-11D3-BF4B-00C04F79EFBC}") = "DefiSeeker.Test", "Test\DefiSeeker.Test.csproj", "{B0F6CC14-9815-4C47-AA4A-45C3CF397EF0}"
EndProject
Global
	GlobalSection(SolutionConfigurationPlatforms) = preSolution
		Debug|Any CPU = Debug|Any CPU
		Release|Any CPU = Release|Any CPU
	EndGlobalSection
	GlobalSection(ProjectConfigurationPlatforms) = postSolution
		{E32C1612-6806-4CE9-B549-860BB99E035A}.Debug|Any CPU.ActiveCfg = Debug|Any CPU
		{E32C1612-6806-4CE9-B549-860BB99E035A}.Debug|Any CPU.Build.0 = Debug|Any CPU
		{E32C1612-6806-4CE9-B549-860BB99E035A}.Release|Any CPU.ActiveCfg = Release|Any CPU
		{E32C1612-6806-4CE9-B549-860BB99E035A}.Release|Any CPU.Build.0 = Release|Any CPU
		{CAB46392-6DFE-4113-9115-18EEBBC0E4D7}.Debug|Any CPU.ActiveCfg = Debug|Any CPU
		{CAB46392-6DFE-4113-9115-18EEBBC0E4D7}.Debug|Any CPU.Build.0 = Debug|Any CPU
		{CAB46392-6DFE-4113-9115-18EEBBC0E4D7}.Release|Any CPU.ActiveCfg = Release|Any CPU
		{CAB46392-6DFE-4113-9115-18EEBBC0E4D7}.Release|Any CPU.Build.0 = Release|Any CPU
		{D1D75624-5A47-4736-A549-F51C767D1D30}.Debug|Any CPU.ActiveCfg = Debug|Any CPU
		{D1D75624-5A47-4736-A549-F51C767D1D30}.Debug|Any CPU.Build.0 = Debug|Any CPU
		{D1D75624-5A47-4736-A549-F51C767D1D30}.Release|Any CPU.ActiveCfg = Release|Any CPU
		{D1D75624-5A47-4736-A549-F51C767D1D30}.Release|Any CPU.Build.0 = Release|Any CPU
		{1D717632-CF51-459D-A1CF-92F518C92330}.Debug|Any CPU.ActiveCfg = Debug|Any CPU
		{1D717632-CF51-459D-A1CF-92F518C92330}.Debug|Any CPU.Build.0 = Debug|Any CPU
		{1D717632-CF51-459D-A1CF-92F518C92330}.Release|Any CPU.ActiveCfg = Release|Any CPU
		{1D717632-CF51-459D-A1CF-92F518C92330}.Release|Any CPU.Build.0 = Release|Any CPU
		{B3CBA697-170F-4163-BDD3-12689B44DA22}.Debug|Any CPU.ActiveCfg = Debug|Any CPU
		{B3CBA697-170F-4163-BDD3-12689B44DA22}.Debug|Any CPU.Build.0 = Debug|Any CPU
		{B3CBA697-170F-4163-BDD3-12689B44DA22}.Release|Any CPU.ActiveCfg = Release|Any CPU
		{B3CBA697-170F-4163-BDD3-12689B44DA22}.Release|Any CPU.Build.0 = Release|Any CPU
		{B0F6CC14-9815-4C47-AA4A-45C3CF397EF0}.Debug|Any CPU.ActiveCfg = Debug|Any CPU
		{B0F6CC14-9815-4C47-AA4A-45C3CF397EF0}.Debug|Any CPU.Build.0 = Debug|Any CPU
		{B0F6CC14-9815-4C47-AA4A-45C3CF397EF0}.Release|Any CPU.ActiveCfg = Release|Any CPU
		{B0F6CC14-9815-4C47-AA4A-45C3CF397EF0}.Release|Any CPU.Build.0 = Release|Any CPU
	EndGlobalSection
	GlobalSection(SolutionProperties) = preSolution
		HideSolutionNode = FALSE
	EndGlobalSection
	GlobalSection(NestedProjects) = preSolution
		{E32C1612-6806-4CE9-B549-860BB99E035A} = {B62B941A-0AE0-4880-B36E-1BADAA032C9A}
		{CAB46392-6DFE-4113-9115-18EEBBC0E4D7} = {B62B941A-0AE0-4880-B36E-1BADAA032C9A}
		{D1D75624-5A47-4736-A549-F51C767D1D30} = {B62B941A-0AE0-4880-B36E-1BADAA032C9A}
		{1D717632-CF51-459D-A1CF-92F518C92330} = {B62B941A-0AE0-4880-B36E-1BADAA032C9A}
		{B3CBA697-170F-4163-BDD3-12689B44DA22} = {B62B941A-0AE0-4880-B36E-1BADAA032C9A}
	EndGlobalSection
EndGlobal
